// !$*UTF8*$!
{
	archiveVersion = 1;
	classes = {
	};
	objectVersion = 50;
	objects = {

/* Begin PBXBuildFile section */
		088F300E24B8E0AC000D543A /* AppDelegate.swift in Sources */ = {isa = PBXBuildFile; fileRef = 088F300D24B8E0AC000D543A /* AppDelegate.swift */; };
		088F301024B8E0AC000D543A /* SceneDelegate.swift in Sources */ = {isa = PBXBuildFile; fileRef = 088F300F24B8E0AC000D543A /* SceneDelegate.swift */; };
		088F301224B8E0AC000D543A /* ViewController.swift in Sources */ = {isa = PBXBuildFile; fileRef = 088F301124B8E0AC000D543A /* ViewController.swift */; };
		088F301524B8E0AC000D543A /* Main.storyboard in Resources */ = {isa = PBXBuildFile; fileRef = 088F301324B8E0AC000D543A /* Main.storyboard */; };
		088F301724B8E0AD000D543A /* Assets.xcassets in Resources */ = {isa = PBXBuildFile; fileRef = 088F301624B8E0AD000D543A /* Assets.xcassets */; };
		088F301A24B8E0AD000D543A /* LaunchScreen.storyboard in Resources */ = {isa = PBXBuildFile; fileRef = 088F301824B8E0AD000D543A /* LaunchScreen.storyboard */; };
/* End PBXBuildFile section */

/* Begin PBXFileReference section */
		088F300A24B8E0AC000D543A /* Day90ChallengeUIImage.app */ = {isa = PBXFileReference; explicitFileType = wrapper.application; includeInIndex = 0; path = Day90ChallengeUIImage.app; sourceTree = BUILT_PRODUCTS_DIR; };
		088F300D24B8E0AC000D543A /* AppDelegate.swift */ = {isa = PBXFileReference; lastKnownFileType = sourcecode.swift; path = AppDelegate.swift; sourceTree = "<group>"; };
		088F300F24B8E0AC000D543A /* SceneDelegate.swift */ = {isa = PBXFileReference; lastKnownFileType = sourcecode.swift; path = SceneDelegate.swift; sourceTree = "<group>"; };
		088F301124B8E0AC000D543A /* ViewController.swift */ = {isa = PBXFileReference; lastKnownFileType = sourcecode.swift; path = ViewController.swift; sourceTree = "<group>"; };
		088F301424B8E0AC000D543A /* Base */ = {isa = PBXFileReference; lastKnownFileType = file.storyboard; name = Base; path = Base.lproj/Main.storyboard; sourceTree = "<group>"; };
		088F301624B8E0AD000D543A /* Assets.xcassets */ = {isa = PBXFileReference; lastKnownFileType = folder.assetcatalog; path = Assets.xcassets; sourceTree = "<group>"; };
		088F301924B8E0AD000D543A /* Base */ = {isa = PBXFileReference; lastKnownFileType = file.storyboard; name = Base; path = Base.lproj/LaunchScreen.storyboard; sourceTree = "<group>"; };
		088F301B24B8E0AD000D543A /* Info.plist */ = {isa = PBXFileReference; lastKnownFileType = text.plist.xml; path = Info.plist; sourceTree = "<group>"; };
/* End PBXFileReference section */

/* Begin PBXFrameworksBuildPhase section */
		088F300724B8E0AC000D543A /* Frameworks */ = {
			isa = PBXFrameworksBuildPhase;
			buildActionMask = 2147483647;
			files = (
			);
			runOnlyForDeploymentPostprocessing = 0;
		};
/* End PBXFrameworksBuildPhase section */

/* Begin PBXGroup section */
		088F300124B8E0AC000D543A = {
			isa = PBXGroup;
			children = (
				088F300C24B8E0AC000D543A /* Day90ChallengeUIImage */,
				088F300B24B8E0AC000D543A /* Products */,
			);
			sourceTree = "<group>";
		};
		088F300B24B8E0AC000D543A /* Products */ = {
			isa = PBXGroup;
			children = (
				088F300A24B8E0AC000D543A /* Day90ChallengeUIImage.app */,
			);
			name = Products;
			sourceTree = "<group>";
		};
		088F300C24B8E0AC000D543A /* Day90ChallengeUIImage */ = {
			isa = PBXGroup;
			children = (
				088F300D24B8E0AC000D543A /* AppDelegate.swift */,
				088F300F24B8E0AC000D543A /* SceneDelegate.swift */,
				088F301124B8E0AC000D543A /* ViewController.swift */,
				088F301324B8E0AC000D543A /* Main.storyboard */,
				088F301624B8E0AD000D543A /* Assets.xcassets */,
				088F301824B8E0AD000D543A /* LaunchScreen.storyboard */,
				088F301B24B8E0AD000D543A /* Info.plist */,
			);
			path = Day90ChallengeUIImage;
			sourceTree = "<group>";
		};
/* End PBXGroup section */

/* Begin PBXNativeTarget section */
		088F300924B8E0AC000D543A /* Day90ChallengeUIImage */ = {
			isa = PBXNativeTarget;
			buildConfigurationList = 088F301E24B8E0AD000D543A /* Build configuration list for PBXNativeTarget "Day90ChallengeUIImage" */;
			buildPhases = (
				088F300624B8E0AC000D543A /* Sources */,
				088F300724B8E0AC000D543A /* Frameworks */,
				088F300824B8E0AC000D543A /* Resources */,
			);
			buildRules = (
			);
			dependencies = (
			);
			name = Day90ChallengeUIImage;
			productName = Day90ChallengeUIImage;
			productReference = 088F300A24B8E0AC000D543A /* Day90ChallengeUIImage.app */;
			productType = "com.apple.product-type.application";
		};
/* End PBXNativeTarget section */

/* Begin PBXProject section */
		088F300224B8E0AC000D543A /* Project object */ = {
			isa = PBXProject;
			attributes = {
				LastSwiftUpdateCheck = 1150;
				LastUpgradeCheck = 1150;
				ORGANIZATIONNAME = Ceboolion;
				TargetAttributes = {
					088F300924B8E0AC000D543A = {
						CreatedOnToolsVersion = 11.5;
					};
				};
			};
			buildConfigurationList = 088F300524B8E0AC000D543A /* Build configuration list for PBXProject "Day90ChallengeUIImage" */;
			compatibilityVersion = "Xcode 9.3";
			developmentRegion = en;
			hasScannedForEncodings = 0;
			knownRegions = (
				en,
				Base,
			);
			mainGroup = 088F300124B8E0AC000D543A;
			productRefGroup = 088F300B24B8E0AC000D543A /* Products */;
			projectDirPath = "";
			projectRoot = "";
			targets = (
				088F300924B8E0AC000D543A /* Day90ChallengeUIImage */,
			);
		};
/* End PBXProject section */

/* Begin PBXResourcesBuildPhase section */
		088F300824B8E0AC000D543A /* Resources */ = {
			isa = PBXResourcesBuildPhase;
			buildActionMask = 2147483647;
			files = (
				088F301A24B8E0AD000D543A /* LaunchScreen.storyboard in Resources */,
				088F301724B8E0AD000D543A /* Assets.xcassets in Resources */,
				088F301524B8E0AC000D543A /* Main.storyboard in Resources */,
			);
			runOnlyForDeploymentPostprocessing = 0;
		};
/* End PBXResourcesBuildPhase section */

/* Begin PBXSourcesBuildPhase section */
		088F300624B8E0AC000D543A /* Sources */ = {
			isa = PBXSourcesBuildPhase;
			buildActionMask = 2147483647;
			files = (
				088F301224B8E0AC000D543A /* ViewController.swift in Sources */,
				088F300E24B8E0AC000D543A /* AppDelegate.swift in Sources */,
				088F301024B8E0AC000D543A /* SceneDelegate.swift in Sources */,
			);
			runOnlyForDeploymentPostprocessing = 0;
		};
/* End PBXSourcesBuildPhase section */

/* Begin PBXVariantGroup section */
		088F301324B8E0AC000D543A /* Main.storyboard */ = {
			isa = PBXVariantGroup;
			children = (
				088F301424B8E0AC000D543A /* Base */,
			);
			name = Main.storyboard;
			sourceTree = "<group>";
		};
		088F301824B8E0AD000D543A /* LaunchScreen.storyboard */ = {
			isa = PBXVariantGroup;
			children = (
				088F301924B8E0AD000D543A /* Base */,
			);
			name = LaunchScreen.storyboard;
			sourceTree = "<group>";
		};
/* End PBXVariantGroup section */

/* Begin XCBuildConfiguration section */
		088F301C24B8E0AD000D543A /* Debug */ = {
			isa = XCBuildConfiguration;
			buildSettings = {
				ALWAYS_SEARCH_USER_PATHS = NO;
				CLANG_ANALYZER_NONNULL = YES;
				CLANG_ANALYZER_NUMBER_OBJECT_CONVERSION = YES_AGGRESSIVE;
				CLANG_CXX_LANGUAGE_STANDARD = "gnu++14";
				CLANG_CXX_LIBRARY = "libc++";
				CLANG_ENABLE_MODULES = YES;
				CLANG_ENABLE_OBJC_ARC = YES;
				CLANG_ENABLE_OBJC_WEAK = YES;
				CLANG_WARN_BLOCK_CAPTURE_AUTORELEASING = YES;
				CLANG_WARN_BOOL_CONVERSION = YES;
				CLANG_WARN_COMMA = YES;
				CLANG_WARN_CONSTANT_CONVERSION = YES;
				CLANG_WARN_DEPRECATED_OBJC_IMPLEMENTATIONS = YES;
				CLANG_WARN_DIRECT_OBJC_ISA_USAGE = YES_ERROR;
				CLANG_WARN_DOCUMENTATION_COMMENTS = YES;
				CLANG_WARN_EMPTY_BODY = YES;
				CLANG_WARN_ENUM_CONVERSION = YES;
				CLANG_WARN_INFINITE_RECURSION = YES;
				CLANG_WARN_INT_CONVERSION = YES;
				CLANG_WARN_NON_LITERAL_NULL_CONVERSION = YES;
				CLANG_WARN_OBJC_IMPLICIT_RETAIN_SELF = YES;
				CLANG_WARN_OBJC_LITERAL_CONVERSION = YES;
				CLANG_WARN_OBJC_ROOT_CLASS = YES_ERROR;
				CLANG_WARN_RANGE_LOOP_ANALYSIS = YES;
				CLANG_WARN_STRICT_PROTOTYPES = YES;
				CLANG_WARN_SUSPICIOUS_MOVE = YES;
				CLANG_WARN_UNGUARDED_AVAILABILITY = YES_AGGRESSIVE;
				CLANG_WARN_UNREACHABLE_CODE = YES;
				CLANG_WARN__DUPLICATE_METHOD_MATCH = YES;
				COPY_PHASE_STRIP = NO;
				DEBUG_INFORMATION_FORMAT = dwarf;
				ENABLE_STRICT_OBJC_MSGSEND = YES;
				ENABLE_TESTABILITY = YES;
				GCC_C_LANGUAGE_STANDARD = gnu11;
				GCC_DYNAMIC_NO_PIC = NO;
				GCC_NO_COMMON_BLOCKS = YES;
				GCC_OPTIMIZATION_LEVEL = 0;
				GCC_PREPROCESSOR_DEFINITIONS = (
					"DEBUG=1",
					"$(inherited)",
				);
				GCC_WARN_64_TO_32_BIT_CONVERSION = YES;
				GCC_WARN_ABOUT_RETURN_TYPE = YES_ERROR;
				GCC_WARN_UNDECLARED_SELECTOR = YES;
				GCC_WARN_UNINITIALIZED_AUTOS = YES_AGGRESSIVE;
				GCC_WARN_UNUSED_FUNCTION = YES;
				GCC_WARN_UNUSED_VARIABLE = YES;
				IPHONEOS_DEPLOYMENT_TARGET = 13.5;
				MTL_ENABLE_DEBUG_INFO = INCLUDE_SOURCE;
				MTL_FAST_MATH = YES;
				ONLY_ACTIVE_ARCH = YES;
				SDKROOT = iphoneos;
				SWIFT_ACTIVE_COMPILATION_CONDITIONS = DEBUG;
				SWIFT_OPTIMIZATION_LEVEL = "-Onone";
			};
			name = Debug;
		};
		088F301D24B8E0AD000D543A /* Release */ = {
			isa = XCBuildConfiguration;
			buildSettings = {
				ALWAYS_SEARCH_USER_PATHS = NO;
				CLANG_ANALYZER_NONNULL = YES;
				CLANG_ANALYZER_NUMBER_OBJECT_CONVERSION = YES_AGGRESSIVE;
				CLANG_CXX_LANGUAGE_STANDARD = "gnu++14";
				CLANG_CXX_LIBRARY = "libc++";
				CLANG_ENABLE_MODULES = YES;
				CLANG_ENABLE_OBJC_ARC = YES;
				CLANG_ENABLE_OBJC_WEAK = YES;
				CLANG_WARN_BLOCK_CAPTURE_AUTORELEASING = YES;
				CLANG_WARN_BOOL_CONVERSION = YES;
				CLANG_WARN_COMMA = YES;
				CLANG_WARN_CONSTANT_CONVERSION = YES;
				CLANG_WARN_DEPRECATED_OBJC_IMPLEMENTATIONS = YES;
				CLANG_WARN_DIRECT_OBJC_ISA_USAGE = YES_ERROR;
				CLANG_WARN_DOCUMENTATION_COMMENTS = YES;
				CLANG_WARN_EMPTY_BODY = YES;
				CLANG_WARN_ENUM_CONVERSION = YES;
				CLANG_WARN_INFINITE_RECURSION = YES;
				CLANG_WARN_INT_CONVERSION = YES;
				CLANG_WARN_NON_LITERAL_NULL_CONVERSION = YES;
				CLANG_WARN_OBJC_IMPLICIT_RETAIN_SELF = YES;
				CLANG_WARN_OBJC_LITERAL_CONVERSION = YES;
				CLANG_WARN_OBJC_ROOT_CLASS = YES_ERROR;
				CLANG_WARN_RANGE_LOOP_ANALYSIS = YES;
				CLANG_WARN_STRICT_PROTOTYPES = YES;
				CLANG_WARN_SUSPICIOUS_MOVE = YES;
				CLANG_WARN_UNGUARDED_AVAILABILITY = YES_AGGRESSIVE;
				CLANG_WARN_UNREACHABLE_CODE = YES;
				CLANG_WARN__DUPLICATE_METHOD_MATCH = YES;
				COPY_PHASE_STRIP = NO;
				DEBUG_INFORMATION_FORMAT = "dwarf-with-dsym";
				ENABLE_NS_ASSERTIONS = NO;
				ENABLE_STRICT_OBJC_MSGSEND = YES;
				GCC_C_LANGUAGE_STANDARD = gnu11;
				GCC_NO_COMMON_BLOCKS = YES;
				GCC_WARN_64_TO_32_BIT_CONVERSION = YES;
				GCC_WARN_ABOUT_RETURN_TYPE = YES_ERROR;
				GCC_WARN_UNDECLARED_SELECTOR = YES;
				GCC_WARN_UNINITIALIZED_AUTOS = YES_AGGRESSIVE;
				GCC_WARN_UNUSED_FUNCTION = YES;
				GCC_WARN_UNUSED_VARIABLE = YES;
				IPHONEOS_DEPLOYMENT_TARGET = 13.5;
				MTL_ENABLE_DEBUG_INFO = NO;
				MTL_FAST_MATH = YES;
				SDKROOT = iphoneos;
				SWIFT_COMPILATION_MODE = wholemodule;
				SWIFT_OPTIMIZATION_LEVEL = "-O";
				VALIDATE_PRODUCT = YES;
			};
			name = Release;
		};
		088F301F24B8E0AD000D543A /* Debug */ = {
			isa = XCBuildConfiguration;
			buildSettings = {
				ASSETCATALOG_COMPILER_APPICON_NAME = AppIcon;
				CODE_SIGN_STYLE = Automatic;
				DEVELOPMENT_TEAM = WKZW55ZWGS;
				INFOPLIST_FILE = Day90ChallengeUIImage/Info.plist;
				LD_RUNPATH_SEARCH_PATHS = (
					"$(inherited)",
					"@executable_path/Frameworks",
				);
				PRODUCT_BUNDLE_IDENTIFIER = com.RomanCebula.Day90ChallengeUIImage;
				PRODUCT_NAME = "$(TARGET_NAME)";
				SWIFT_VERSION = 5.0;
				TARGETED_DEVICE_FAMILY = "1,2";
			};
			name = Debug;
		};
		088F302024B8E0AD000D543A /* Release */ = {
			isa = XCBuildConfiguration;
			buildSettings = {
				ASSETCATALOG_COMPILER_APPICON_NAME = AppIcon;
				CODE_SIGN_STYLE = Automatic;
				DEVELOPMENT_TEAM = WKZW55ZWGS;
				INFOPLIST_FILE = Day90ChallengeUIImage/Info.plist;
				LD_RUNPATH_SEARCH_PATHS = (
					"$(inherited)",
					"@executable_path/Frameworks",
				);
				PRODUCT_BUNDLE_IDENTIFIER = com.RomanCebula.Day90ChallengeUIImage;
				PRODUCT_NAME = "$(TARGET_NAME)";
				SWIFT_VERSION = 5.0;
				TARGETED_DEVICE_FAMILY = "1,2";
			};
			name = Release;
		};
/* End XCBuildConfiguration section */

/* Begin XCConfigurationList section */
		088F300524B8E0AC000D543A /* Build configuration list for PBXProject "Day90ChallengeUIImage" */ = {
			isa = XCConfigurationList;
			buildConfigurations = (
				088F301C24B8E0AD000D543A /* Debug */,
				088F301D24B8E0AD000D543A /* Release */,
			);
			defaultConfigurationIsVisible = 0;
			defaultConfigurationName = Release;
		};
		088F301E24B8E0AD000D543A /* Build configuration list for PBXNativeTarget "Day90ChallengeUIImage" */ = {
			isa = XCConfigurationList;
			buildConfigurations = (
				088F301F24B8E0AD000D543A /* Debug */,
				088F302024B8E0AD000D543A /* Release */,
			);
			defaultConfigurationIsVisible = 0;
			defaultConfigurationName = Release;
		};
/* End XCConfigurationList section */
	};
	rootObject = 088F300224B8E0AC000D543A /* Project object */;
}
